
Microsoft Visual Studio Solution File, Format Version 12.00
# Visual Studio Version 17
VisualStudioVersion = 17.8.34309.116
MinimumVisualStudioVersion = 10.0.40219.1
Project("{FAE04EC0-301F-11D3-BF4B-00C04F79EFBC}") = "cakesdri-api", "cakesdri-api\cakesdri-api.csproj", "{538D5F5D-F7FE-4DF9-A79D-58A64703F221}"
EndProject
Global
	GlobalSection(SolutionConfigurationPlatforms) = preSolution
		Debug|Any CPU = Debug|Any CPU
		Release|Any CPU = Release|Any CPU
	EndGlobalSection
	GlobalSection(ProjectConfigurationPlatforms) = postSolution
		{538D5F5D-F7FE-4DF9-A79D-58A64703F221}.Debug|Any CPU.ActiveCfg = Debug|Any CPU
		{538D5F5D-F7FE-4DF9-A79D-58A64703F221}.Debug|Any CPU.Build.0 = Debug|Any CPU
		{538D5F5D-F7FE-4DF9-A79D-58A64703F221}.Release|Any CPU.ActiveCfg = Release|Any CPU
		{538D5F5D-F7FE-4DF9-A79D-58A64703F221}.Release|Any CPU.Build.0 = Release|Any CPU
	EndGlobalSection
	GlobalSection(SolutionProperties) = preSolution
		HideSolutionNode = FALSE
	EndGlobalSection
	GlobalSection(ExtensibilityGlobals) = postSolution
		SolutionGuid = {4993845A-6F02-4CD8-A163-02FD146AA01A}
	EndGlobalSection
EndGlobal
